
Microsoft Visual Studio Solution File, Format Version 12.00
# Visual Studio Version 16
VisualStudioVersion = 16.0.29409.12
MinimumVisualStudioVersion = 10.0.40219.1
Project("{FAE04EC0-301F-11D3-BF4B-00C04F79EFBC}") = "ProductApi", "ProductApi\ProductApi.csproj", "{824102E4-4567-4140-B830-9A18160F4AFA}"
EndProject
Global
	GlobalSection(SolutionConfigurationPlatforms) = preSolution
		Debug|Any CPU = Debug|Any CPU
		Release|Any CPU = Release|Any CPU
	EndGlobalSection
	GlobalSection(ProjectConfigurationPlatforms) = postSolution
		{824102E4-4567-4140-B830-9A18160F4AFA}.Debug|Any CPU.ActiveCfg = Debug|Any CPU
		{824102E4-4567-4140-B830-9A18160F4AFA}.Debug|Any CPU.Build.0 = Debug|Any CPU
		{824102E4-4567-4140-B830-9A18160F4AFA}.Release|Any CPU.ActiveCfg = Release|Any CPU
		{824102E4-4567-4140-B830-9A18160F4AFA}.Release|Any CPU.Build.0 = Release|Any CPU
	EndGlobalSection
	GlobalSection(SolutionProperties) = preSolution
		HideSolutionNode = FALSE
	EndGlobalSection
	GlobalSection(ExtensibilityGlobals) = postSolution
		SolutionGuid = {4F73F5E6-22AF-4CD4-A8D4-DE77C7DA1604}
	EndGlobalSection
EndGlobal
